
Microsoft Visual Studio Solution File, Format Version 12.00
# Visual Studio Version 16
VisualStudioVersion = 16.0.30907.101
MinimumVisualStudioVersion = 10.0.40219.1
Project("{FAE04EC0-301F-11D3-BF4B-00C04F79EFBC}") = "MiSitio", "MiSitio\MiSitio.csproj", "{2CAFB8A0-A820-4500-ACFB-295CE2C067F1}"
EndProject
Global
	GlobalSection(SolutionConfigurationPlatforms) = preSolution
		Debug|Any CPU = Debug|Any CPU
		Release|Any CPU = Release|Any CPU
	EndGlobalSection
	GlobalSection(ProjectConfigurationPlatforms) = postSolution
		{2CAFB8A0-A820-4500-ACFB-295CE2C067F1}.Debug|Any CPU.ActiveCfg = Debug|Any CPU
		{2CAFB8A0-A820-4500-ACFB-295CE2C067F1}.Debug|Any CPU.Build.0 = Debug|Any CPU
		{2CAFB8A0-A820-4500-ACFB-295CE2C067F1}.Release|Any CPU.ActiveCfg = Release|Any CPU
		{2CAFB8A0-A820-4500-ACFB-295CE2C067F1}.Release|Any CPU.Build.0 = Release|Any CPU
	EndGlobalSection
	GlobalSection(SolutionProperties) = preSolution
		HideSolutionNode = FALSE
	EndGlobalSection
	GlobalSection(ExtensibilityGlobals) = postSolution
		SolutionGuid = {A4399145-89F8-4A44-A4F8-C2D129BEA9E1}
	EndGlobalSection
EndGlobal
